
Microsoft Visual Studio Solution File, Format Version 12.00
# Visual Studio Version 16
VisualStudioVersion = 16.0.30711.63
MinimumVisualStudioVersion = 10.0.40219.1
Project("{9A19103F-16F7-4668-BE54-9A1E7A4F7556}") = "ProductMicroService", "ProductMicroService\ProductMicroService.csproj", "{953B2E53-1D7D-4129-B49E-1D2D36479825}"
EndProject
Project("{E53339B2-1760-4266-BCC7-CA923CBCF16C}") = "docker-compose", "docker-compose.dcproj", "{BACBDE49-1D4F-4D4E-9E5E-563E978C0F8A}"
EndProject
Global
	GlobalSection(SolutionConfigurationPlatforms) = preSolution
		Debug|Any CPU = Debug|Any CPU
		Release|Any CPU = Release|Any CPU
	EndGlobalSection
	GlobalSection(ProjectConfigurationPlatforms) = postSolution
		{953B2E53-1D7D-4129-B49E-1D2D36479825}.Debug|Any CPU.ActiveCfg = Debug|Any CPU
		{953B2E53-1D7D-4129-B49E-1D2D36479825}.Debug|Any CPU.Build.0 = Debug|Any CPU
		{953B2E53-1D7D-4129-B49E-1D2D36479825}.Release|Any CPU.ActiveCfg = Release|Any CPU
		{953B2E53-1D7D-4129-B49E-1D2D36479825}.Release|Any CPU.Build.0 = Release|Any CPU
		{BACBDE49-1D4F-4D4E-9E5E-563E978C0F8A}.Debug|Any CPU.ActiveCfg = Debug|Any CPU
		{BACBDE49-1D4F-4D4E-9E5E-563E978C0F8A}.Debug|Any CPU.Build.0 = Debug|Any CPU
		{BACBDE49-1D4F-4D4E-9E5E-563E978C0F8A}.Release|Any CPU.ActiveCfg = Release|Any CPU
		{BACBDE49-1D4F-4D4E-9E5E-563E978C0F8A}.Release|Any CPU.Build.0 = Release|Any CPU
	EndGlobalSection
	GlobalSection(SolutionProperties) = preSolution
		HideSolutionNode = FALSE
	EndGlobalSection
	GlobalSection(ExtensibilityGlobals) = postSolution
		SolutionGuid = {80BB419B-142F-4D8B-83F2-AD39DE9067D1}
	EndGlobalSection
EndGlobal
