
Microsoft Visual Studio Solution File, Format Version 12.00
# Visual Studio Version 16
VisualStudioVersion = 16.0.30621.155
MinimumVisualStudioVersion = 10.0.40219.1
Project("{9A19103F-16F7-4668-BE54-9A1E7A4F7556}") = "ProjectDesktopUI", "ProjectDesktopUI\ProjectDesktopUI.csproj", "{2B52AEEF-B7A2-4334-A31B-4BE7F1BCF220}"
EndProject
Project("{9A19103F-16F7-4668-BE54-9A1E7A4F7556}") = "ProjectDesktopUI.Library", "ProjectDesktopUI.Library\ProjectDesktopUI.Library.csproj", "{D6FBABFA-083E-4FBB-BEA9-F35EEBFD3190}"
EndProject
Project("{2150E333-8FDC-42A3-9474-1A3956D46DE8}") = "WPF", "WPF", "{08DD11CF-8287-4356-9A1B-A989FF9FC82C}"
EndProject
Global
	GlobalSection(SolutionConfigurationPlatforms) = preSolution
		Debug|Any CPU = Debug|Any CPU
		Release|Any CPU = Release|Any CPU
	EndGlobalSection
	GlobalSection(ProjectConfigurationPlatforms) = postSolution
		{2B52AEEF-B7A2-4334-A31B-4BE7F1BCF220}.Debug|Any CPU.ActiveCfg = Debug|Any CPU
		{2B52AEEF-B7A2-4334-A31B-4BE7F1BCF220}.Debug|Any CPU.Build.0 = Debug|Any CPU
		{2B52AEEF-B7A2-4334-A31B-4BE7F1BCF220}.Release|Any CPU.ActiveCfg = Release|Any CPU
		{2B52AEEF-B7A2-4334-A31B-4BE7F1BCF220}.Release|Any CPU.Build.0 = Release|Any CPU
		{D6FBABFA-083E-4FBB-BEA9-F35EEBFD3190}.Debug|Any CPU.ActiveCfg = Debug|Any CPU
		{D6FBABFA-083E-4FBB-BEA9-F35EEBFD3190}.Debug|Any CPU.Build.0 = Debug|Any CPU
		{D6FBABFA-083E-4FBB-BEA9-F35EEBFD3190}.Release|Any CPU.ActiveCfg = Release|Any CPU
		{D6FBABFA-083E-4FBB-BEA9-F35EEBFD3190}.Release|Any CPU.Build.0 = Release|Any CPU
	EndGlobalSection
	GlobalSection(SolutionProperties) = preSolution
		HideSolutionNode = FALSE
	EndGlobalSection
	GlobalSection(NestedProjects) = preSolution
		{2B52AEEF-B7A2-4334-A31B-4BE7F1BCF220} = {08DD11CF-8287-4356-9A1B-A989FF9FC82C}
		{D6FBABFA-083E-4FBB-BEA9-F35EEBFD3190} = {08DD11CF-8287-4356-9A1B-A989FF9FC82C}
	EndGlobalSection
	GlobalSection(ExtensibilityGlobals) = postSolution
		SolutionGuid = {F1CB7E40-38BC-4E6D-B229-C8AF5D8CFCCD}
	EndGlobalSection
EndGlobal
